PODS:
  - Kingfisher (4.5.0)
  - SnapKit (4.0.0)

DEPENDENCIES:
  - Kingfisher (~> 4.5.0)
  - SnapKit (~> 4.0.0)

SPEC CHECKSUMS:
  Kingfisher: 26ae0473102b77b575da51960c932431e3745407
  SnapKit: a42d492c16e80209130a3379f73596c3454b7694

PODFILE CHECKSUM: 2b1c2358dfcba65a545f6026e8fd45edde00cfae

COCOAPODS: 1.4.0
